
Microsoft Visual Studio Solution File, Format Version 12.00
# Visual Studio Version 17
VisualStudioVersion = 17.0.31717.71
MinimumVisualStudioVersion = 10.0.40219.1
Project("{2150E333-8FDC-42A3-9474-1A3956D46DE8}") = "01.Clients", "01.Clients", "{0EBFB5E3-5B85-48AF-A22D-02FD2A9100EF}"
EndProject
Project("{2150E333-8FDC-42A3-9474-1A3956D46DE8}") = "02. Api.Gateways", "02. Api.Gateways", "{B5ABA054-7AFD-4C94-A6CF-2FB1B8ED8D7A}"
EndProject
Project("{2150E333-8FDC-42A3-9474-1A3956D46DE8}") = "03.Services", "03.Services", "{5011CA3E-8119-43C4-8E86-88AE377D5D52}"
EndProject
Project("{2150E333-8FDC-42A3-9474-1A3956D46DE8}") = "01.Identity", "01.Identity", "{16413A89-4632-458F-AAA3-06186BB7F68B}"
EndProject
Project("{2150E333-8FDC-42A3-9474-1A3956D46DE8}") = "02.Catalog", "02.Catalog", "{2CCF5AE5-3490-4DF7-851A-EE6179D4B67F}"
EndProject
Project("{2150E333-8FDC-42A3-9474-1A3956D46DE8}") = "03.Customer", "03.Customer", "{4115FD4E-4C29-4FD5-9FFE-C3EACFC83FC8}"
EndProject
Project("{2150E333-8FDC-42A3-9474-1A3956D46DE8}") = "04.Order", "04.Order", "{59E9C15D-6F67-4E70-A780-396E8799166B}"
EndProject
Project("{9A19103F-16F7-4668-BE54-9A1E7A4F7556}") = "Catalog.Api", "src\Services\Catalog\Catalog.Api\Catalog.Api.csproj", "{2B117B8C-0772-47FD-A0D4-AF0B734F4F38}"
EndProject
Project("{2150E333-8FDC-42A3-9474-1A3956D46DE8}") = "01.Api", "01.Api", "{EB3CB0AC-25FD-4C7A-BED1-3E52ACFE2F46}"
EndProject
Project("{2150E333-8FDC-42A3-9474-1A3956D46DE8}") = "02.Services", "02.Services", "{D5F7B660-A63D-4389-9577-B7425D2FC0FF}"
EndProject
Project("{2150E333-8FDC-42A3-9474-1A3956D46DE8}") = "03.Persistence", "03.Persistence", "{34E99EA3-5D8C-4B0B-8C9E-AF8F1B5FE917}"
EndProject
Project("{2150E333-8FDC-42A3-9474-1A3956D46DE8}") = "04.Models", "04.Models", "{E67E6EAD-0F16-4EEE-8200-94D2FFAD1BFD}"
EndProject
Project("{9A19103F-16F7-4668-BE54-9A1E7A4F7556}") = "Catalog.Domain", "src\Services\Catalog\Catalog.Domain\Catalog.Domain.csproj", "{9F3BB452-82BF-48FA-AAF5-C2C610EED36D}"
EndProject
Project("{9A19103F-16F7-4668-BE54-9A1E7A4F7556}") = "Catalog.Persistence.Database", "src\Services\Catalog\Catalog.Persistence.Database\Catalog.Persistence.Database.csproj", "{0CBE5A0A-C1EB-498B-9E8D-5A48B5BD86CD}"
EndProject
Project("{9A19103F-16F7-4668-BE54-9A1E7A4F7556}") = "Catalog.Service.Queries", "src\Services\Catalog\Catalog.Service.Queries\Catalog.Service.Queries.csproj", "{093AC2DC-3C43-4129-952C-5A457A1E0C0D}"
EndProject
Project("{2150E333-8FDC-42A3-9474-1A3956D46DE8}") = "Common", "Common", "{B3C98EB1-EDB1-401D-9164-FE959EA64726}"
EndProject
Project("{9A19103F-16F7-4668-BE54-9A1E7A4F7556}") = "Service.Common.Collection", "src\Services\Common\Service.Common.Collection\Service.Common.Collection.csproj", "{9099A60C-CAE6-4F88-95CD-2ED85171D012}"
EndProject
Project("{9A19103F-16F7-4668-BE54-9A1E7A4F7556}") = "Service.Common.Mapping", "src\Services\Common\Service.Common.Mapping\Service.Common.Mapping.csproj", "{CC21E2E5-7A06-4A37-8CE7-AF39C1A207B3}"
EndProject
Project("{9A19103F-16F7-4668-BE54-9A1E7A4F7556}") = "Service.Common.Paging", "src\Services\Common\Service.Common.Paging\Service.Common.Paging.csproj", "{D2738AF3-88BE-41FC-B624-7CECA5FA1653}"
EndProject
Project("{9A19103F-16F7-4668-BE54-9A1E7A4F7556}") = "Catalog.Service.EventHandlers", "src\Services\Catalog\Catalog.Service.EventHandlers\Catalog.Service.EventHandlers.csproj", "{1E7C5ADD-1028-40D9-835E-54EB9553A795}"
EndProject
Project("{2150E333-8FDC-42A3-9474-1A3956D46DE8}") = "05.Common", "05.Common", "{CF2F9D9E-71BD-4AD1-958A-CA070C856E14}"
EndProject
Project("{9A19103F-16F7-4668-BE54-9A1E7A4F7556}") = "Catalog.Common", "src\Services\Catalog\Catalog.Common\Catalog.Common.csproj", "{03F9A1EA-894D-4E8B-8699-FC51EB54F3F6}"
EndProject
Project("{2150E333-8FDC-42A3-9474-1A3956D46DE8}") = "06.Listeners", "06.Listeners", "{9241C806-CF8B-4F96-8B73-496EEE3EA092}"
EndProject
Project("{9A19103F-16F7-4668-BE54-9A1E7A4F7556}") = "Catalog.Listener", "src\Services\Catalog\Catalog.Listener\Catalog.Listener.csproj", "{8775B002-F5BA-440C-9C9B-0A26498D1B61}"
EndProject
Project("{2150E333-8FDC-42A3-9474-1A3956D46DE8}") = "04.Common", "04.Common", "{7F29ADC9-2F28-4149-9748-3521279741CD}"
EndProject
Project("{9A19103F-16F7-4668-BE54-9A1E7A4F7556}") = "Common.Logging", "src\Common\Common.Logging\Common.Logging.csproj", "{65E27486-2E1C-4933-AD45-542EA5A4904F}"
EndProject
Project("{2150E333-8FDC-42A3-9474-1A3956D46DE8}") = "07.Testing", "07.Testing", "{A1E85382-42A3-4C6A-AED0-65973053827C}"
EndProject
Project("{9A19103F-16F7-4668-BE54-9A1E7A4F7556}") = "Catalog.Tests", "src\Services\Catalog\Catalog.Tests\Catalog.Tests.csproj", "{2A92C628-791E-4B32-8E73-0AA48F40CE3D}"
EndProject
Project("{2150E333-8FDC-42A3-9474-1A3956D46DE8}") = "01.API", "01.API", "{C534970C-6CF4-4729-98BE-0D5E7ADD85BD}"
EndProject
Project("{9A19103F-16F7-4668-BE54-9A1E7A4F7556}") = "Customer.Api", "src\Services\Customer\Customer.Api\Customer.Api.csproj", "{C24B7811-42EB-4006-A108-E5907F322E0A}"
EndProject
Project("{2150E333-8FDC-42A3-9474-1A3956D46DE8}") = "02.Services", "02.Services", "{90D95C49-7C7D-4F5F-9573-434626288E4E}"
EndProject
Project("{2150E333-8FDC-42A3-9474-1A3956D46DE8}") = "03.Persistence", "03.Persistence", "{BFCB9322-0FD9-4EE0-B51F-7CD61EB2738A}"
EndProject
Project("{2150E333-8FDC-42A3-9474-1A3956D46DE8}") = "04.Models", "04.Models", "{E9245778-36FE-405B-9179-8357A8B85C82}"
EndProject
Project("{2150E333-8FDC-42A3-9474-1A3956D46DE8}") = "05.Testing", "05.Testing", "{C6236181-60B7-4F18-B4E0-29005262C73B}"
EndProject
Project("{9A19103F-16F7-4668-BE54-9A1E7A4F7556}") = "Customer.Service.EventHandler", "src\Services\Customer\Customer.Service.EventHandler\Customer.Service.EventHandler.csproj", "{A71469C0-BCE8-4127-89CD-F0793C87F282}"
EndProject
Project("{9A19103F-16F7-4668-BE54-9A1E7A4F7556}") = "Customer.Service.Queries", "src\Services\Customer\Customer.Service.Queries\Customer.Service.Queries.csproj", "{D86E582E-05BF-4CBC-A5DF-39C2E1910F01}"
EndProject
Project("{9A19103F-16F7-4668-BE54-9A1E7A4F7556}") = "Customer.Domain", "src\Services\Customer\Customer.Domain\Customer.Domain.csproj", "{A57CE2DD-6E74-4C40-A490-BF643E35F7EC}"
EndProject
Project("{9A19103F-16F7-4668-BE54-9A1E7A4F7556}") = "Customer.Persistence.Database", "src\Services\Customer\Customer.Persistence.Database\Customer.Persistence.Database.csproj", "{795B5683-6CCF-4408-95B1-E88FA6444D7A}"
EndProject
Project("{2150E333-8FDC-42A3-9474-1A3956D46DE8}") = "01.API", "01.API", "{128F1C33-7934-4F52-A2CE-AB0FD4C07C11}"
EndProject
Project("{2150E333-8FDC-42A3-9474-1A3956D46DE8}") = "02.Services", "02.Services", "{67A3F642-94E9-4091-9954-DD5866CD85ED}"
EndProject
Project("{2150E333-8FDC-42A3-9474-1A3956D46DE8}") = "03.Persistence", "03.Persistence", "{AECF2EED-85C9-43ED-8CE6-9E19E317EB4E}"
EndProject
Project("{2150E333-8FDC-42A3-9474-1A3956D46DE8}") = "04.Models", "04.Models", "{3A104BB3-B57A-4A3A-A32D-59CE99B1533B}"
EndProject
Project("{9A19103F-16F7-4668-BE54-9A1E7A4F7556}") = "Order.Api", "src\Services\Order\Order.Api\Order.Api.csproj", "{29BDD029-63FE-40D4-B232-F1059F56D579}"
EndProject
Project("{9A19103F-16F7-4668-BE54-9A1E7A4F7556}") = "Order.Service.EventHandlers", "src\Services\Order\Order.Service.EventHandlers\Order.Service.EventHandlers.csproj", "{605C43B2-AF5B-4B35-9F1D-1A4BF2246FAB}"
EndProject
Project("{9A19103F-16F7-4668-BE54-9A1E7A4F7556}") = "Order.Service.Proxies", "src\Services\Order\Order.Service.Proxies\Order.Service.Proxies.csproj", "{8B6E1E5D-8C78-4743-9396-43E4E68FDFFC}"
EndProject
Project("{9A19103F-16F7-4668-BE54-9A1E7A4F7556}") = "Order.Service.Queries", "src\Services\Order\Order.Service.Queries\Order.Service.Queries.csproj", "{DD31CB8E-CD79-464C-9D6E-9DDD0D60C90F}"
EndProject
Project("{2150E333-8FDC-42A3-9474-1A3956D46DE8}") = "05.Common", "05.Common", "{D9039D5F-D76A-4AE8-8CB9-FC357BC20A53}"
EndProject
Project("{9A19103F-16F7-4668-BE54-9A1E7A4F7556}") = "Order.Common", "src\Services\Order\Order.Common\Order.Common.csproj", "{8CAD4F65-2624-4701-B9E6-FC4A196E9E9A}"
EndProject
Project("{9A19103F-16F7-4668-BE54-9A1E7A4F7556}") = "Order.Domain", "src\Services\Order\Order.Domain\Order.Domain.csproj", "{EF855C2F-8573-450B-8B0B-9201681559CF}"
EndProject
Project("{9A19103F-16F7-4668-BE54-9A1E7A4F7556}") = "Order.Persistence.Database", "src\Services\Order\Order.Persistence.Database\Order.Persistence.Database.csproj", "{4A84131A-7085-4A30-9287-3B0F8F55E45A}"
EndProject
Project("{2150E333-8FDC-42A3-9474-1A3956D46DE8}") = "04.Models", "04.Models", "{38AD2E53-A2D0-45D2-9FD7-43598A7B42E3}"
EndProject
Project("{2150E333-8FDC-42A3-9474-1A3956D46DE8}") = "03.Persistence", "03.Persistence", "{7630E60A-D79B-4886-A306-0CE1794E47F9}"
EndProject
Project("{2150E333-8FDC-42A3-9474-1A3956D46DE8}") = "01.API", "01.API", "{C83B7DDA-B30C-4E11-96ED-3328934AC8DC}"
EndProject
Project("{9A19103F-16F7-4668-BE54-9A1E7A4F7556}") = "Identity.Api", "src\Services\Identity\Identity.Api\Identity.Api.csproj", "{4AA4BBAF-2242-456B-9EFE-F499EA893E90}"
EndProject
Project("{9A19103F-16F7-4668-BE54-9A1E7A4F7556}") = "Identity.Domain", "src\Services\Identity\Identity.Domain\Identity.Domain.csproj", "{27242B05-1D94-4949-A13D-EB4FA8BFA5D9}"
EndProject
Project("{9A19103F-16F7-4668-BE54-9A1E7A4F7556}") = "Identity.Persistence.Database", "src\Services\Identity\Identity.Persistence.Database\Identity.Persistence.Database.csproj", "{45E0967D-938E-4C2D-B940-EE3602E67C21}"
EndProject
Project("{2150E333-8FDC-42A3-9474-1A3956D46DE8}") = "02.Services", "02.Services", "{CDEB867C-FEF6-437E-AA21-EAD3DF2BE71C}"
EndProject
Project("{9A19103F-16F7-4668-BE54-9A1E7A4F7556}") = "Identity.Service.EventHandlers", "src\Services\Identity\Identity.Service.EventHandlers\Identity.Service.EventHandlers.csproj", "{982CA75D-1706-47C0-945D-1AE06F4EC52A}"
EndProject
Project("{9A19103F-16F7-4668-BE54-9A1E7A4F7556}") = "Identity.Service.Queries", "src\Services\Identity\Identity.Service.Queries\Identity.Service.Queries.csproj", "{FA58919F-1557-4503-BAFC-214F17B506D9}"
EndProject
Project("{2150E333-8FDC-42A3-9474-1A3956D46DE8}") = "APIs", "APIs", "{18A2BEC7-99F4-47AA-97DD-7EEAA5FF7141}"
EndProject
Project("{9A19103F-16F7-4668-BE54-9A1E7A4F7556}") = "Api.Gateway.WebClient", "src\Gateways\Api.Gateway.WebClient\Api.Gateway.WebClient.csproj", "{8D0BADBC-AB3E-45E3-B054-2BF209257CBC}"
EndProject
Project("{9A19103F-16F7-4668-BE54-9A1E7A4F7556}") = "Api.Gateway.Proxies", "src\Gateways\Api.Gateway.Proxies\Api.Gateway.Proxies.csproj", "{7F5F6C65-A731-4C07-A590-A324D134BEE6}"
EndProject
Project("{9A19103F-16F7-4668-BE54-9A1E7A4F7556}") = "Api.Gateway.Models", "src\Gateways\Api.Gatewat.Models\Api.Gateway.Models.csproj", "{B8C044F0-E5A5-4628-AE98-834ACC405FA1}"
EndProject
Project("{FAE04EC0-301F-11D3-BF4B-00C04F79EFBC}") = "Clients.Authentication", "src\Clients\Clients.Authentication\Clients.Authentication.csproj", "{100DA8F8-E635-48A4-827E-F396C872BCA1}"
EndProject
Project("{FAE04EC0-301F-11D3-BF4B-00C04F79EFBC}") = "Clients.WebClient", "src\Clients\Clients.WebClient\Clients.WebClient.csproj", "{22974F0D-B13B-4629-97CD-F4AB51575650}"
EndProject
Project("{FAE04EC0-301F-11D3-BF4B-00C04F79EFBC}") = "Api.Gateway.WebClient.Proxy", "src\Gateways\Api.Gateway.WebClient.Proxy\Api.Gateway.WebClient.Proxy.csproj", "{FFAB02A2-406E-4D42-BE70-6BC550C45867}"
EndProject
Global
	GlobalSection(SolutionConfigurationPlatforms) = preSolution
		Debug|Any CPU = Debug|Any CPU
		Release|Any CPU = Release|Any CPU
	EndGlobalSection
	GlobalSection(ProjectConfigurationPlatforms) = postSolution
		{2B117B8C-0772-47FD-A0D4-AF0B734F4F38}.Debug|Any CPU.ActiveCfg = Debug|Any CPU
		{2B117B8C-0772-47FD-A0D4-AF0B734F4F38}.Debug|Any CPU.Build.0 = Debug|Any CPU
		{2B117B8C-0772-47FD-A0D4-AF0B734F4F38}.Release|Any CPU.ActiveCfg = Release|Any CPU
		{2B117B8C-0772-47FD-A0D4-AF0B734F4F38}.Release|Any CPU.Build.0 = Release|Any CPU
		{9F3BB452-82BF-48FA-AAF5-C2C610EED36D}.Debug|Any CPU.ActiveCfg = Debug|Any CPU
		{9F3BB452-82BF-48FA-AAF5-C2C610EED36D}.Debug|Any CPU.Build.0 = Debug|Any CPU
		{9F3BB452-82BF-48FA-AAF5-C2C610EED36D}.Release|Any CPU.ActiveCfg = Release|Any CPU
		{9F3BB452-82BF-48FA-AAF5-C2C610EED36D}.Release|Any CPU.Build.0 = Release|Any CPU
		{0CBE5A0A-C1EB-498B-9E8D-5A48B5BD86CD}.Debug|Any CPU.ActiveCfg = Debug|Any CPU
		{0CBE5A0A-C1EB-498B-9E8D-5A48B5BD86CD}.Debug|Any CPU.Build.0 = Debug|Any CPU
		{0CBE5A0A-C1EB-498B-9E8D-5A48B5BD86CD}.Release|Any CPU.ActiveCfg = Release|Any CPU
		{0CBE5A0A-C1EB-498B-9E8D-5A48B5BD86CD}.Release|Any CPU.Build.0 = Release|Any CPU
		{093AC2DC-3C43-4129-952C-5A457A1E0C0D}.Debug|Any CPU.ActiveCfg = Debug|Any CPU
		{093AC2DC-3C43-4129-952C-5A457A1E0C0D}.Debug|Any CPU.Build.0 = Debug|Any CPU
		{093AC2DC-3C43-4129-952C-5A457A1E0C0D}.Release|Any CPU.ActiveCfg = Release|Any CPU
		{093AC2DC-3C43-4129-952C-5A457A1E0C0D}.Release|Any CPU.Build.0 = Release|Any CPU
		{9099A60C-CAE6-4F88-95CD-2ED85171D012}.Debug|Any CPU.ActiveCfg = Debug|Any CPU
		{9099A60C-CAE6-4F88-95CD-2ED85171D012}.Debug|Any CPU.Build.0 = Debug|Any CPU
		{9099A60C-CAE6-4F88-95CD-2ED85171D012}.Release|Any CPU.ActiveCfg = Release|Any CPU
		{9099A60C-CAE6-4F88-95CD-2ED85171D012}.Release|Any CPU.Build.0 = Release|Any CPU
		{CC21E2E5-7A06-4A37-8CE7-AF39C1A207B3}.Debug|Any CPU.ActiveCfg = Debug|Any CPU
		{CC21E2E5-7A06-4A37-8CE7-AF39C1A207B3}.Debug|Any CPU.Build.0 = Debug|Any CPU
		{CC21E2E5-7A06-4A37-8CE7-AF39C1A207B3}.Release|Any CPU.ActiveCfg = Release|Any CPU
		{CC21E2E5-7A06-4A37-8CE7-AF39C1A207B3}.Release|Any CPU.Build.0 = Release|Any CPU
		{D2738AF3-88BE-41FC-B624-7CECA5FA1653}.Debug|Any CPU.ActiveCfg = Debug|Any CPU
		{D2738AF3-88BE-41FC-B624-7CECA5FA1653}.Debug|Any CPU.Build.0 = Debug|Any CPU
		{D2738AF3-88BE-41FC-B624-7CECA5FA1653}.Release|Any CPU.ActiveCfg = Release|Any CPU
		{D2738AF3-88BE-41FC-B624-7CECA5FA1653}.Release|Any CPU.Build.0 = Release|Any CPU
		{1E7C5ADD-1028-40D9-835E-54EB9553A795}.Debug|Any CPU.ActiveCfg = Debug|Any CPU
		{1E7C5ADD-1028-40D9-835E-54EB9553A795}.Debug|Any CPU.Build.0 = Debug|Any CPU
		{1E7C5ADD-1028-40D9-835E-54EB9553A795}.Release|Any CPU.ActiveCfg = Release|Any CPU
		{1E7C5ADD-1028-40D9-835E-54EB9553A795}.Release|Any CPU.Build.0 = Release|Any CPU
		{03F9A1EA-894D-4E8B-8699-FC51EB54F3F6}.Debug|Any CPU.ActiveCfg = Debug|Any CPU
		{03F9A1EA-894D-4E8B-8699-FC51EB54F3F6}.Debug|Any CPU.Build.0 = Debug|Any CPU
		{03F9A1EA-894D-4E8B-8699-FC51EB54F3F6}.Release|Any CPU.ActiveCfg = Release|Any CPU
		{03F9A1EA-894D-4E8B-8699-FC51EB54F3F6}.Release|Any CPU.Build.0 = Release|Any CPU
		{8775B002-F5BA-440C-9C9B-0A26498D1B61}.Debug|Any CPU.ActiveCfg = Debug|Any CPU
		{8775B002-F5BA-440C-9C9B-0A26498D1B61}.Debug|Any CPU.Build.0 = Debug|Any CPU
		{8775B002-F5BA-440C-9C9B-0A26498D1B61}.Release|Any CPU.ActiveCfg = Release|Any CPU
		{8775B002-F5BA-440C-9C9B-0A26498D1B61}.Release|Any CPU.Build.0 = Release|Any CPU
		{65E27486-2E1C-4933-AD45-542EA5A4904F}.Debug|Any CPU.ActiveCfg = Debug|Any CPU
		{65E27486-2E1C-4933-AD45-542EA5A4904F}.Debug|Any CPU.Build.0 = Debug|Any CPU
		{65E27486-2E1C-4933-AD45-542EA5A4904F}.Release|Any CPU.ActiveCfg = Release|Any CPU
		{65E27486-2E1C-4933-AD45-542EA5A4904F}.Release|Any CPU.Build.0 = Release|Any CPU
		{2A92C628-791E-4B32-8E73-0AA48F40CE3D}.Debug|Any CPU.ActiveCfg = Debug|Any CPU
		{2A92C628-791E-4B32-8E73-0AA48F40CE3D}.Debug|Any CPU.Build.0 = Debug|Any CPU
		{2A92C628-791E-4B32-8E73-0AA48F40CE3D}.Release|Any CPU.ActiveCfg = Release|Any CPU
		{2A92C628-791E-4B32-8E73-0AA48F40CE3D}.Release|Any CPU.Build.0 = Release|Any CPU
		{C24B7811-42EB-4006-A108-E5907F322E0A}.Debug|Any CPU.ActiveCfg = Debug|Any CPU
		{C24B7811-42EB-4006-A108-E5907F322E0A}.Debug|Any CPU.Build.0 = Debug|Any CPU
		{C24B7811-42EB-4006-A108-E5907F322E0A}.Release|Any CPU.ActiveCfg = Release|Any CPU
		{C24B7811-42EB-4006-A108-E5907F322E0A}.Release|Any CPU.Build.0 = Release|Any CPU
		{A71469C0-BCE8-4127-89CD-F0793C87F282}.Debug|Any CPU.ActiveCfg = Debug|Any CPU
		{A71469C0-BCE8-4127-89CD-F0793C87F282}.Debug|Any CPU.Build.0 = Debug|Any CPU
		{A71469C0-BCE8-4127-89CD-F0793C87F282}.Release|Any CPU.ActiveCfg = Release|Any CPU
		{A71469C0-BCE8-4127-89CD-F0793C87F282}.Release|Any CPU.Build.0 = Release|Any CPU
		{D86E582E-05BF-4CBC-A5DF-39C2E1910F01}.Debug|Any CPU.ActiveCfg = Debug|Any CPU
		{D86E582E-05BF-4CBC-A5DF-39C2E1910F01}.Debug|Any CPU.Build.0 = Debug|Any CPU
		{D86E582E-05BF-4CBC-A5DF-39C2E1910F01}.Release|Any CPU.ActiveCfg = Release|Any CPU
		{D86E582E-05BF-4CBC-A5DF-39C2E1910F01}.Release|Any CPU.Build.0 = Release|Any CPU
		{A57CE2DD-6E74-4C40-A490-BF643E35F7EC}.Debug|Any CPU.ActiveCfg = Debug|Any CPU
		{A57CE2DD-6E74-4C40-A490-BF643E35F7EC}.Debug|Any CPU.Build.0 = Debug|Any CPU
		{A57CE2DD-6E74-4C40-A490-BF643E35F7EC}.Release|Any CPU.ActiveCfg = Release|Any CPU
		{A57CE2DD-6E74-4C40-A490-BF643E35F7EC}.Release|Any CPU.Build.0 = Release|Any CPU
		{795B5683-6CCF-4408-95B1-E88FA6444D7A}.Debug|Any CPU.ActiveCfg = Debug|Any CPU
		{795B5683-6CCF-4408-95B1-E88FA6444D7A}.Debug|Any CPU.Build.0 = Debug|Any CPU
		{795B5683-6CCF-4408-95B1-E88FA6444D7A}.Release|Any CPU.ActiveCfg = Release|Any CPU
		{795B5683-6CCF-4408-95B1-E88FA6444D7A}.Release|Any CPU.Build.0 = Release|Any CPU
		{29BDD029-63FE-40D4-B232-F1059F56D579}.Debug|Any CPU.ActiveCfg = Debug|Any CPU
		{29BDD029-63FE-40D4-B232-F1059F56D579}.Debug|Any CPU.Build.0 = Debug|Any CPU
		{29BDD029-63FE-40D4-B232-F1059F56D579}.Release|Any CPU.ActiveCfg = Release|Any CPU
		{29BDD029-63FE-40D4-B232-F1059F56D579}.Release|Any CPU.Build.0 = Release|Any CPU
		{605C43B2-AF5B-4B35-9F1D-1A4BF2246FAB}.Debug|Any CPU.ActiveCfg = Debug|Any CPU
		{605C43B2-AF5B-4B35-9F1D-1A4BF2246FAB}.Debug|Any CPU.Build.0 = Debug|Any CPU
		{605C43B2-AF5B-4B35-9F1D-1A4BF2246FAB}.Release|Any CPU.ActiveCfg = Release|Any CPU
		{605C43B2-AF5B-4B35-9F1D-1A4BF2246FAB}.Release|Any CPU.Build.0 = Release|Any CPU
		{8B6E1E5D-8C78-4743-9396-43E4E68FDFFC}.Debug|Any CPU.ActiveCfg = Debug|Any CPU
		{8B6E1E5D-8C78-4743-9396-43E4E68FDFFC}.Debug|Any CPU.Build.0 = Debug|Any CPU
		{8B6E1E5D-8C78-4743-9396-43E4E68FDFFC}.Release|Any CPU.ActiveCfg = Release|Any CPU
		{8B6E1E5D-8C78-4743-9396-43E4E68FDFFC}.Release|Any CPU.Build.0 = Release|Any CPU
		{DD31CB8E-CD79-464C-9D6E-9DDD0D60C90F}.Debug|Any CPU.ActiveCfg = Debug|Any CPU
		{DD31CB8E-CD79-464C-9D6E-9DDD0D60C90F}.Debug|Any CPU.Build.0 = Debug|Any CPU
		{DD31CB8E-CD79-464C-9D6E-9DDD0D60C90F}.Release|Any CPU.ActiveCfg = Release|Any CPU
		{DD31CB8E-CD79-464C-9D6E-9DDD0D60C90F}.Release|Any CPU.Build.0 = Release|Any CPU
		{8CAD4F65-2624-4701-B9E6-FC4A196E9E9A}.Debug|Any CPU.ActiveCfg = Debug|Any CPU
		{8CAD4F65-2624-4701-B9E6-FC4A196E9E9A}.Debug|Any CPU.Build.0 = Debug|Any CPU
		{8CAD4F65-2624-4701-B9E6-FC4A196E9E9A}.Release|Any CPU.ActiveCfg = Release|Any CPU
		{8CAD4F65-2624-4701-B9E6-FC4A196E9E9A}.Release|Any CPU.Build.0 = Release|Any CPU
		{EF855C2F-8573-450B-8B0B-9201681559CF}.Debug|Any CPU.ActiveCfg = Debug|Any CPU
		{EF855C2F-8573-450B-8B0B-9201681559CF}.Debug|Any CPU.Build.0 = Debug|Any CPU
		{EF855C2F-8573-450B-8B0B-9201681559CF}.Release|Any CPU.ActiveCfg = Release|Any CPU
		{EF855C2F-8573-450B-8B0B-9201681559CF}.Release|Any CPU.Build.0 = Release|Any CPU
		{4A84131A-7085-4A30-9287-3B0F8F55E45A}.Debug|Any CPU.ActiveCfg = Debug|Any CPU
		{4A84131A-7085-4A30-9287-3B0F8F55E45A}.Debug|Any CPU.Build.0 = Debug|Any CPU
		{4A84131A-7085-4A30-9287-3B0F8F55E45A}.Release|Any CPU.ActiveCfg = Release|Any CPU
		{4A84131A-7085-4A30-9287-3B0F8F55E45A}.Release|Any CPU.Build.0 = Release|Any CPU
		{4AA4BBAF-2242-456B-9EFE-F499EA893E90}.Debug|Any CPU.ActiveCfg = Debug|Any CPU
		{4AA4BBAF-2242-456B-9EFE-F499EA893E90}.Debug|Any CPU.Build.0 = Debug|Any CPU
		{4AA4BBAF-2242-456B-9EFE-F499EA893E90}.Release|Any CPU.ActiveCfg = Release|Any CPU
		{4AA4BBAF-2242-456B-9EFE-F499EA893E90}.Release|Any CPU.Build.0 = Release|Any CPU
		{27242B05-1D94-4949-A13D-EB4FA8BFA5D9}.Debug|Any CPU.ActiveCfg = Debug|Any CPU
		{27242B05-1D94-4949-A13D-EB4FA8BFA5D9}.Debug|Any CPU.Build.0 = Debug|Any CPU
		{27242B05-1D94-4949-A13D-EB4FA8BFA5D9}.Release|Any CPU.ActiveCfg = Release|Any CPU
		{27242B05-1D94-4949-A13D-EB4FA8BFA5D9}.Release|Any CPU.Build.0 = Release|Any CPU
		{45E0967D-938E-4C2D-B940-EE3602E67C21}.Debug|Any CPU.ActiveCfg = Debug|Any CPU
		{45E0967D-938E-4C2D-B940-EE3602E67C21}.Debug|Any CPU.Build.0 = Debug|Any CPU
		{45E0967D-938E-4C2D-B940-EE3602E67C21}.Release|Any CPU.ActiveCfg = Release|Any CPU
		{45E0967D-938E-4C2D-B940-EE3602E67C21}.Release|Any CPU.Build.0 = Release|Any CPU
		{982CA75D-1706-47C0-945D-1AE06F4EC52A}.Debug|Any CPU.ActiveCfg = Debug|Any CPU
		{982CA75D-1706-47C0-945D-1AE06F4EC52A}.Debug|Any CPU.Build.0 = Debug|Any CPU
		{982CA75D-1706-47C0-945D-1AE06F4EC52A}.Release|Any CPU.ActiveCfg = Release|Any CPU
		{982CA75D-1706-47C0-945D-1AE06F4EC52A}.Release|Any CPU.Build.0 = Release|Any CPU
		{FA58919F-1557-4503-BAFC-214F17B506D9}.Debug|Any CPU.ActiveCfg = Debug|Any CPU
		{FA58919F-1557-4503-BAFC-214F17B506D9}.Debug|Any CPU.Build.0 = Debug|Any CPU
		{FA58919F-1557-4503-BAFC-214F17B506D9}.Release|Any CPU.ActiveCfg = Release|Any CPU
		{FA58919F-1557-4503-BAFC-214F17B506D9}.Release|Any CPU.Build.0 = Release|Any CPU
		{8D0BADBC-AB3E-45E3-B054-2BF209257CBC}.Debug|Any CPU.ActiveCfg = Debug|Any CPU
		{8D0BADBC-AB3E-45E3-B054-2BF209257CBC}.Debug|Any CPU.Build.0 = Debug|Any CPU
		{8D0BADBC-AB3E-45E3-B054-2BF209257CBC}.Release|Any CPU.ActiveCfg = Release|Any CPU
		{8D0BADBC-AB3E-45E3-B054-2BF209257CBC}.Release|Any CPU.Build.0 = Release|Any CPU
		{7F5F6C65-A731-4C07-A590-A324D134BEE6}.Debug|Any CPU.ActiveCfg = Debug|Any CPU
		{7F5F6C65-A731-4C07-A590-A324D134BEE6}.Debug|Any CPU.Build.0 = Debug|Any CPU
		{7F5F6C65-A731-4C07-A590-A324D134BEE6}.Release|Any CPU.ActiveCfg = Release|Any CPU
		{7F5F6C65-A731-4C07-A590-A324D134BEE6}.Release|Any CPU.Build.0 = Release|Any CPU
		{B8C044F0-E5A5-4628-AE98-834ACC405FA1}.Debug|Any CPU.ActiveCfg = Debug|Any CPU
		{B8C044F0-E5A5-4628-AE98-834ACC405FA1}.Debug|Any CPU.Build.0 = Debug|Any CPU
		{B8C044F0-E5A5-4628-AE98-834ACC405FA1}.Release|Any CPU.ActiveCfg = Release|Any CPU
		{B8C044F0-E5A5-4628-AE98-834ACC405FA1}.Release|Any CPU.Build.0 = Release|Any CPU
		{100DA8F8-E635-48A4-827E-F396C872BCA1}.Debug|Any CPU.ActiveCfg = Debug|Any CPU
		{100DA8F8-E635-48A4-827E-F396C872BCA1}.Debug|Any CPU.Build.0 = Debug|Any CPU
		{100DA8F8-E635-48A4-827E-F396C872BCA1}.Release|Any CPU.ActiveCfg = Release|Any CPU
		{100DA8F8-E635-48A4-827E-F396C872BCA1}.Release|Any CPU.Build.0 = Release|Any CPU
		{22974F0D-B13B-4629-97CD-F4AB51575650}.Debug|Any CPU.ActiveCfg = Debug|Any CPU
		{22974F0D-B13B-4629-97CD-F4AB51575650}.Debug|Any CPU.Build.0 = Debug|Any CPU
		{22974F0D-B13B-4629-97CD-F4AB51575650}.Release|Any CPU.ActiveCfg = Release|Any CPU
		{22974F0D-B13B-4629-97CD-F4AB51575650}.Release|Any CPU.Build.0 = Release|Any CPU
		{FFAB02A2-406E-4D42-BE70-6BC550C45867}.Debug|Any CPU.ActiveCfg = Debug|Any CPU
		{FFAB02A2-406E-4D42-BE70-6BC550C45867}.Debug|Any CPU.Build.0 = Debug|Any CPU
		{FFAB02A2-406E-4D42-BE70-6BC550C45867}.Release|Any CPU.ActiveCfg = Release|Any CPU
		{FFAB02A2-406E-4D42-BE70-6BC550C45867}.Release|Any CPU.Build.0 = Release|Any CPU
	EndGlobalSection
	GlobalSection(SolutionProperties) = preSolution
		HideSolutionNode = FALSE
	EndGlobalSection
	GlobalSection(NestedProjects) = preSolution
		{16413A89-4632-458F-AAA3-06186BB7F68B} = {5011CA3E-8119-43C4-8E86-88AE377D5D52}
		{2CCF5AE5-3490-4DF7-851A-EE6179D4B67F} = {5011CA3E-8119-43C4-8E86-88AE377D5D52}
		{4115FD4E-4C29-4FD5-9FFE-C3EACFC83FC8} = {5011CA3E-8119-43C4-8E86-88AE377D5D52}
		{59E9C15D-6F67-4E70-A780-396E8799166B} = {5011CA3E-8119-43C4-8E86-88AE377D5D52}
		{2B117B8C-0772-47FD-A0D4-AF0B734F4F38} = {EB3CB0AC-25FD-4C7A-BED1-3E52ACFE2F46}
		{EB3CB0AC-25FD-4C7A-BED1-3E52ACFE2F46} = {2CCF5AE5-3490-4DF7-851A-EE6179D4B67F}
		{D5F7B660-A63D-4389-9577-B7425D2FC0FF} = {2CCF5AE5-3490-4DF7-851A-EE6179D4B67F}
		{34E99EA3-5D8C-4B0B-8C9E-AF8F1B5FE917} = {2CCF5AE5-3490-4DF7-851A-EE6179D4B67F}
		{E67E6EAD-0F16-4EEE-8200-94D2FFAD1BFD} = {2CCF5AE5-3490-4DF7-851A-EE6179D4B67F}
		{9F3BB452-82BF-48FA-AAF5-C2C610EED36D} = {E67E6EAD-0F16-4EEE-8200-94D2FFAD1BFD}
		{0CBE5A0A-C1EB-498B-9E8D-5A48B5BD86CD} = {34E99EA3-5D8C-4B0B-8C9E-AF8F1B5FE917}
		{093AC2DC-3C43-4129-952C-5A457A1E0C0D} = {D5F7B660-A63D-4389-9577-B7425D2FC0FF}
		{B3C98EB1-EDB1-401D-9164-FE959EA64726} = {5011CA3E-8119-43C4-8E86-88AE377D5D52}
		{9099A60C-CAE6-4F88-95CD-2ED85171D012} = {B3C98EB1-EDB1-401D-9164-FE959EA64726}
		{CC21E2E5-7A06-4A37-8CE7-AF39C1A207B3} = {B3C98EB1-EDB1-401D-9164-FE959EA64726}
		{D2738AF3-88BE-41FC-B624-7CECA5FA1653} = {B3C98EB1-EDB1-401D-9164-FE959EA64726}
		{1E7C5ADD-1028-40D9-835E-54EB9553A795} = {D5F7B660-A63D-4389-9577-B7425D2FC0FF}
		{CF2F9D9E-71BD-4AD1-958A-CA070C856E14} = {2CCF5AE5-3490-4DF7-851A-EE6179D4B67F}
		{03F9A1EA-894D-4E8B-8699-FC51EB54F3F6} = {CF2F9D9E-71BD-4AD1-958A-CA070C856E14}
		{9241C806-CF8B-4F96-8B73-496EEE3EA092} = {2CCF5AE5-3490-4DF7-851A-EE6179D4B67F}
		{8775B002-F5BA-440C-9C9B-0A26498D1B61} = {9241C806-CF8B-4F96-8B73-496EEE3EA092}
		{65E27486-2E1C-4933-AD45-542EA5A4904F} = {7F29ADC9-2F28-4149-9748-3521279741CD}
		{A1E85382-42A3-4C6A-AED0-65973053827C} = {2CCF5AE5-3490-4DF7-851A-EE6179D4B67F}
		{2A92C628-791E-4B32-8E73-0AA48F40CE3D} = {A1E85382-42A3-4C6A-AED0-65973053827C}
		{C534970C-6CF4-4729-98BE-0D5E7ADD85BD} = {4115FD4E-4C29-4FD5-9FFE-C3EACFC83FC8}
		{C24B7811-42EB-4006-A108-E5907F322E0A} = {C534970C-6CF4-4729-98BE-0D5E7ADD85BD}
		{90D95C49-7C7D-4F5F-9573-434626288E4E} = {4115FD4E-4C29-4FD5-9FFE-C3EACFC83FC8}
		{BFCB9322-0FD9-4EE0-B51F-7CD61EB2738A} = {4115FD4E-4C29-4FD5-9FFE-C3EACFC83FC8}
		{E9245778-36FE-405B-9179-8357A8B85C82} = {4115FD4E-4C29-4FD5-9FFE-C3EACFC83FC8}
		{C6236181-60B7-4F18-B4E0-29005262C73B} = {4115FD4E-4C29-4FD5-9FFE-C3EACFC83FC8}
		{A71469C0-BCE8-4127-89CD-F0793C87F282} = {90D95C49-7C7D-4F5F-9573-434626288E4E}
		{D86E582E-05BF-4CBC-A5DF-39C2E1910F01} = {90D95C49-7C7D-4F5F-9573-434626288E4E}
		{A57CE2DD-6E74-4C40-A490-BF643E35F7EC} = {E9245778-36FE-405B-9179-8357A8B85C82}
		{795B5683-6CCF-4408-95B1-E88FA6444D7A} = {BFCB9322-0FD9-4EE0-B51F-7CD61EB2738A}
		{128F1C33-7934-4F52-A2CE-AB0FD4C07C11} = {59E9C15D-6F67-4E70-A780-396E8799166B}
		{67A3F642-94E9-4091-9954-DD5866CD85ED} = {59E9C15D-6F67-4E70-A780-396E8799166B}
		{AECF2EED-85C9-43ED-8CE6-9E19E317EB4E} = {59E9C15D-6F67-4E70-A780-396E8799166B}
		{3A104BB3-B57A-4A3A-A32D-59CE99B1533B} = {59E9C15D-6F67-4E70-A780-396E8799166B}
		{29BDD029-63FE-40D4-B232-F1059F56D579} = {128F1C33-7934-4F52-A2CE-AB0FD4C07C11}
		{605C43B2-AF5B-4B35-9F1D-1A4BF2246FAB} = {67A3F642-94E9-4091-9954-DD5866CD85ED}
		{8B6E1E5D-8C78-4743-9396-43E4E68FDFFC} = {67A3F642-94E9-4091-9954-DD5866CD85ED}
		{DD31CB8E-CD79-464C-9D6E-9DDD0D60C90F} = {67A3F642-94E9-4091-9954-DD5866CD85ED}
		{D9039D5F-D76A-4AE8-8CB9-FC357BC20A53} = {59E9C15D-6F67-4E70-A780-396E8799166B}
		{8CAD4F65-2624-4701-B9E6-FC4A196E9E9A} = {D9039D5F-D76A-4AE8-8CB9-FC357BC20A53}
		{EF855C2F-8573-450B-8B0B-9201681559CF} = {3A104BB3-B57A-4A3A-A32D-59CE99B1533B}
		{4A84131A-7085-4A30-9287-3B0F8F55E45A} = {AECF2EED-85C9-43ED-8CE6-9E19E317EB4E}
		{38AD2E53-A2D0-45D2-9FD7-43598A7B42E3} = {16413A89-4632-458F-AAA3-06186BB7F68B}
		{7630E60A-D79B-4886-A306-0CE1794E47F9} = {16413A89-4632-458F-AAA3-06186BB7F68B}
		{C83B7DDA-B30C-4E11-96ED-3328934AC8DC} = {16413A89-4632-458F-AAA3-06186BB7F68B}
		{4AA4BBAF-2242-456B-9EFE-F499EA893E90} = {C83B7DDA-B30C-4E11-96ED-3328934AC8DC}
		{27242B05-1D94-4949-A13D-EB4FA8BFA5D9} = {38AD2E53-A2D0-45D2-9FD7-43598A7B42E3}
		{45E0967D-938E-4C2D-B940-EE3602E67C21} = {7630E60A-D79B-4886-A306-0CE1794E47F9}
		{CDEB867C-FEF6-437E-AA21-EAD3DF2BE71C} = {16413A89-4632-458F-AAA3-06186BB7F68B}
		{982CA75D-1706-47C0-945D-1AE06F4EC52A} = {CDEB867C-FEF6-437E-AA21-EAD3DF2BE71C}
		{FA58919F-1557-4503-BAFC-214F17B506D9} = {CDEB867C-FEF6-437E-AA21-EAD3DF2BE71C}
		{18A2BEC7-99F4-47AA-97DD-7EEAA5FF7141} = {B5ABA054-7AFD-4C94-A6CF-2FB1B8ED8D7A}
		{8D0BADBC-AB3E-45E3-B054-2BF209257CBC} = {18A2BEC7-99F4-47AA-97DD-7EEAA5FF7141}
		{7F5F6C65-A731-4C07-A590-A324D134BEE6} = {B5ABA054-7AFD-4C94-A6CF-2FB1B8ED8D7A}
		{B8C044F0-E5A5-4628-AE98-834ACC405FA1} = {B5ABA054-7AFD-4C94-A6CF-2FB1B8ED8D7A}
		{100DA8F8-E635-48A4-827E-F396C872BCA1} = {0EBFB5E3-5B85-48AF-A22D-02FD2A9100EF}
		{22974F0D-B13B-4629-97CD-F4AB51575650} = {0EBFB5E3-5B85-48AF-A22D-02FD2A9100EF}
		{FFAB02A2-406E-4D42-BE70-6BC550C45867} = {18A2BEC7-99F4-47AA-97DD-7EEAA5FF7141}
	EndGlobalSection
	GlobalSection(ExtensibilityGlobals) = postSolution
		SolutionGuid = {C635BD8E-499E-400E-A3BB-E5C07F669BD9}
	EndGlobalSection
EndGlobal
